// !$*UTF8*$!
{
	archiveVersion = 1;
	classes = {
	};
	objectVersion = 77;
	objects = {

/* Begin PBXBuildFile section */
		731CC6892F61A45700D09605 /* AppLocationManager.swift in Sources */ = {isa = PBXBuildFile; fileRef = 731CC6882F61A45600D09605 /* AppLocationManager.swift */; };
		733CC7022F5DA89900679CE9 /* AppDelegate.swift in Sources */ = {isa = PBXBuildFile; fileRef = 733CC6F82F5DA89900679CE9 /* AppDelegate.swift */; };
		733CC7052F5DA89900679CE9 /* Assets.xcassets in Resources */ = {isa = PBXBuildFile; fileRef = 733CC6F92F5DA89900679CE9 /* Assets.xcassets */; };
		733CC7072F5DA89900679CE9 /* LaunchScreen.storyboard in Resources */ = {isa = PBXBuildFile; fileRef = 733CC6FC2F5DA89900679CE9 /* LaunchScreen.storyboard */; };
		733F30792F60F92D00571E33 /* BlueViewCell.swift in Sources */ = {isa = PBXBuildFile; fileRef = 733F30782F60F92D00571E33 /* BlueViewCell.swift */; };
		733F307B2F610AC800571E33 /* BlueContactViewCell.swift in Sources */ = {isa = PBXBuildFile; fileRef = 733F307A2F610AC800571E33 /* BlueContactViewCell.swift */; };
		733F307D2F6111BC00571E33 /* ContactManager.swift in Sources */ = {isa = PBXBuildFile; fileRef = 733F307C2F6111BC00571E33 /* ContactManager.swift */; };
		733F307F2F614D5200571E33 /* HomeCardViewCell.swift in Sources */ = {isa = PBXBuildFile; fileRef = 733F307E2F614D5200571E33 /* HomeCardViewCell.swift */; };
		733F30812F614D5D00571E33 /* HomeBannerViewCell.swift in Sources */ = {isa = PBXBuildFile; fileRef = 733F30802F614D5D00571E33 /* HomeBannerViewCell.swift */; };
		733F30832F614D6A00571E33 /* HomeProductViewCell.swift in Sources */ = {isa = PBXBuildFile; fileRef = 733F30822F614D6A00571E33 /* HomeProductViewCell.swift */; };
		735D118E2F5FADC000102F19 /* OrderEmptyView.swift in Sources */ = {isa = PBXBuildFile; fileRef = 735D118D2F5FADC000102F19 /* OrderEmptyView.swift */; };
		735D11902F5FB0D200102F19 /* OrderViewCell.swift in Sources */ = {isa = PBXBuildFile; fileRef = 735D118F2F5FB0D200102F19 /* OrderViewCell.swift */; };
		735D11922F5FBF8B00102F19 /* ProductStepViewCell.swift in Sources */ = {isa = PBXBuildFile; fileRef = 735D11912F5FBF8B00102F19 /* ProductStepViewCell.swift */; };
		735D11942F5FC09200102F19 /* ProductCardView.swift in Sources */ = {isa = PBXBuildFile; fileRef = 735D11932F5FC09200102F19 /* ProductCardView.swift */; };
		735D119B2F5FE1F800102F19 /* AuthCardViewController.swift in Sources */ = {isa = PBXBuildFile; fileRef = 735D119A2F5FE1F800102F19 /* AuthCardViewController.swift */; };
		735D119D2F5FE20200102F19 /* AuthFaceViewController.swift in Sources */ = {isa = PBXBuildFile; fileRef = 735D119C2F5FE20200102F19 /* AuthFaceViewController.swift */; };
		735D119F2F5FE21600102F19 /* AuthCompleteViewController.swift in Sources */ = {isa = PBXBuildFile; fileRef = 735D119E2F5FE21600102F19 /* AuthCompleteViewController.swift */; };
		735D11A12F5FEB9100102F19 /* CameraManager.swift in Sources */ = {isa = PBXBuildFile; fileRef = 735D11A02F5FEB9100102F19 /* CameraManager.swift */; };
		735D11A32F5FF68300102F19 /* PersonalViewController.swift in Sources */ = {isa = PBXBuildFile; fileRef = 735D11A22F5FF68300102F19 /* PersonalViewController.swift */; };
		735D11A52F5FF6A400102F19 /* WorkViewController.swift in Sources */ = {isa = PBXBuildFile; fileRef = 735D11A42F5FF6A400102F19 /* WorkViewController.swift */; };
		735D11A72F5FF6C300102F19 /* ContactViewController.swift in Sources */ = {isa = PBXBuildFile; fileRef = 735D11A62F5FF6C300102F19 /* ContactViewController.swift */; };
		735D11A92F5FF6E400102F19 /* BankViewController.swift in Sources */ = {isa = PBXBuildFile; fileRef = 735D11A82F5FF6E400102F19 /* BankViewController.swift */; };
		735D11AB2F5FFDBA00102F19 /* CardListView.swift in Sources */ = {isa = PBXBuildFile; fileRef = 735D11AA2F5FFDAE00102F19 /* CardListView.swift */; };
		735D11AD2F60021600102F19 /* PopAuthCardView.swift in Sources */ = {isa = PBXBuildFile; fileRef = 735D11AC2F60021600102F19 /* PopAuthCardView.swift */; };
		735D11B12F60111E00102F19 /* TimeView.swift in Sources */ = {isa = PBXBuildFile; fileRef = 735D11B02F60111E00102F19 /* TimeView.swift */; };
		736883B62F5DAB9E0068A8DE /* BaseViewController.swift in Sources */ = {isa = PBXBuildFile; fileRef = 736883B52F5DAB9E0068A8DE /* BaseViewController.swift */; };
		736883B82F5DABB80068A8DE /* BaseNavigationController.swift in Sources */ = {isa = PBXBuildFile; fileRef = 736883B72F5DABB80068A8DE /* BaseNavigationController.swift */; };
		736883BA2F5DABC90068A8DE /* BaseTabBarController.swift in Sources */ = {isa = PBXBuildFile; fileRef = 736883B92F5DABC90068A8DE /* BaseTabBarController.swift */; };
		736883BC2F5DABFE0068A8DE /* LaunchViewController.swift in Sources */ = {isa = PBXBuildFile; fileRef = 736883BB2F5DABFE0068A8DE /* LaunchViewController.swift */; };
		736883BE2F5DAC490068A8DE /* HomeViewController.swift in Sources */ = {isa = PBXBuildFile; fileRef = 736883BD2F5DAC490068A8DE /* HomeViewController.swift */; };
		736883C02F5DAC500068A8DE /* OrderViewController.swift in Sources */ = {isa = PBXBuildFile; fileRef = 736883BF2F5DAC500068A8DE /* OrderViewController.swift */; };
		736883C22F5DAC580068A8DE /* CenterViewController.swift in Sources */ = {isa = PBXBuildFile; fileRef = 736883C12F5DAC580068A8DE /* CenterViewController.swift */; };
		736883C42F5DB5C90068A8DE /* SecureUserManager.swift in Sources */ = {isa = PBXBuildFile; fileRef = 736883C32F5DB5C90068A8DE /* SecureUserManager.swift */; };
		736883C62F5DB63F0068A8DE /* LoginViewController.swift in Sources */ = {isa = PBXBuildFile; fileRef = 736883C52F5DB63F0068A8DE /* LoginViewController.swift */; };
		736883C82F5DB9080068A8DE /* LoginView.swift in Sources */ = {isa = PBXBuildFile; fileRef = 736883C72F5DB9080068A8DE /* LoginView.swift */; };
		736883CA2F5DBAE40068A8DE /* ToastManager.swift in Sources */ = {isa = PBXBuildFile; fileRef = 736883C92F5DBAE40068A8DE /* ToastManager.swift */; };
		736883CD2F5DBC540068A8DE /* Localizable.strings in Resources */ = {isa = PBXBuildFile; fileRef = 736883CB2F5DBC540068A8DE /* Localizable.strings */; };
		736883D12F5DBD9D0068A8DE /* LanguageManager.swift in Sources */ = {isa = PBXBuildFile; fileRef = 736883D02F5DBD9D0068A8DE /* LanguageManager.swift */; };
		736883D42F5DC6E20068A8DE /* BaseModel.swift in Sources */ = {isa = PBXBuildFile; fileRef = 736883D32F5DC6DE0068A8DE /* BaseModel.swift */; };
		736883D62F5DC8170068A8DE /* NetworkManager.swift in Sources */ = {isa = PBXBuildFile; fileRef = 736883D52F5DC8170068A8DE /* NetworkManager.swift */; };
		736883D82F5DC93D0068A8DE /* AppService.swift in Sources */ = {isa = PBXBuildFile; fileRef = 736883D72F5DC92E0068A8DE /* AppService.swift */; };
		736883DA2F5DC9D80068A8DE /* AppViewModel.swift in Sources */ = {isa = PBXBuildFile; fileRef = 736883D92F5DC9D40068A8DE /* AppViewModel.swift */; };
		736883DC2F5DCBD80068A8DE /* LoadingView.swift in Sources */ = {isa = PBXBuildFile; fileRef = 736883DB2F5DCBD80068A8DE /* LoadingView.swift */; };
		736883DE2F5DCD530068A8DE /* DeviceInfoCollector.swift in Sources */ = {isa = PBXBuildFile; fileRef = 736883DD2F5DCD530068A8DE /* DeviceInfoCollector.swift */; };
		736883E02F5DCE890068A8DE /* IDFVKeychainManager.swift in Sources */ = {isa = PBXBuildFile; fileRef = 736883DF2F5DCE890068A8DE /* IDFVKeychainManager.swift */; };
		736E3EF42F5E57C8004BF7F4 /* NetworkMonitor.swift in Sources */ = {isa = PBXBuildFile; fileRef = 736E3EF32F5E57C8004BF7F4 /* NetworkMonitor.swift */; };
		736E3EF62F5E91E5004BF7F4 /* CenterView.swift in Sources */ = {isa = PBXBuildFile; fileRef = 736E3EF52F5E91E5004BF7F4 /* CenterView.swift */; };
		736E3EF82F5E96A5004BF7F4 /* CenterViewCell.swift in Sources */ = {isa = PBXBuildFile; fileRef = 736E3EF72F5E96A5004BF7F4 /* CenterViewCell.swift */; };
		736E3EFA2F5E9F40004BF7F4 /* SchemeURLHandler.swift in Sources */ = {isa = PBXBuildFile; fileRef = 736E3EF92F5E9F40004BF7F4 /* SchemeURLHandler.swift */; };
		736E3EFC2F5EA0B1004BF7F4 /* SettingsViewController.swift in Sources */ = {isa = PBXBuildFile; fileRef = 736E3EFB2F5EA0B1004BF7F4 /* SettingsViewController.swift */; };
		736E3EFE2F5EA185004BF7F4 /* AppHeadView.swift in Sources */ = {isa = PBXBuildFile; fileRef = 736E3EFD2F5EA185004BF7F4 /* AppHeadView.swift */; };
		736E3F012F5EA9BC004BF7F4 /* PopAccountView.swift in Sources */ = {isa = PBXBuildFile; fileRef = 736E3F002F5EA9BC004BF7F4 /* PopAccountView.swift */; };
		736E3F032F5EB15A004BF7F4 /* PopDeleteAcView.swift in Sources */ = {isa = PBXBuildFile; fileRef = 736E3F022F5EB151004BF7F4 /* PopDeleteAcView.swift */; };
		736E3F052F5EB36D004BF7F4 /* H5ViewController.swift in Sources */ = {isa = PBXBuildFile; fileRef = 736E3F042F5EB36D004BF7F4 /* H5ViewController.swift */; };
		736E3F072F5EC2A9004BF7F4 /* HomeMinView.swift in Sources */ = {isa = PBXBuildFile; fileRef = 736E3F062F5EC2A9004BF7F4 /* HomeMinView.swift */; };
		736E3F092F5EC2BC004BF7F4 /* HomeMaxView.swift in Sources */ = {isa = PBXBuildFile; fileRef = 736E3F082F5EC2BC004BF7F4 /* HomeMaxView.swift */; };
		736E3F0B2F5ECBF0004BF7F4 /* HomeCardView.swift in Sources */ = {isa = PBXBuildFile; fileRef = 736E3F0A2F5ECBF0004BF7F4 /* HomeCardView.swift */; };
		73A51A0D2F5F0223000644FB /* ProductViewController.swift in Sources */ = {isa = PBXBuildFile; fileRef = 73A51A0C2F5F0223000644FB /* ProductViewController.swift */; };
		73DF1D0A2F60410D00CB302C /* OneViewCell.swift in Sources */ = {isa = PBXBuildFile; fileRef = 73DF1D092F60410D00CB302C /* OneViewCell.swift */; };
		73DF1D0C2F60411600CB302C /* TwoViewCell.swift in Sources */ = {isa = PBXBuildFile; fileRef = 73DF1D0B2F60411600CB302C /* TwoViewCell.swift */; };
		73DF1D0E2F60724600CB302C /* ClickCellAlertView.swift in Sources */ = {isa = PBXBuildFile; fileRef = 73DF1D0D2F60724600CB302C /* ClickCellAlertView.swift */; };
		A9BDC0F3E9FB6DA6214EB3B6 /* Pods_CairYuk.framework in Frameworks */ = {isa = PBXBuildFile; fileRef = C7F63CF6A26C858ADF6F0FAC /* Pods_CairYuk.framework */; };
/* End PBXBuildFile section */

/* Begin PBXFileReference section */
		4CEDC148533101B236C2D964 /* Pods-CairYuk.release.xcconfig */ = {isa = PBXFileReference; includeInIndex = 1; lastKnownFileType = text.xcconfig; name = "Pods-CairYuk.release.xcconfig"; path = "Target Support Files/Pods-CairYuk/Pods-CairYuk.release.xcconfig"; sourceTree = "<group>"; };
		731CC6882F61A45600D09605 /* AppLocationManager.swift */ = {isa = PBXFileReference; lastKnownFileType = sourcecode.swift; path = AppLocationManager.swift; sourceTree = "<group>"; };
		733CC6E02F5DA89000679CE9 /* CairYuk.app */ = {isa = PBXFileReference; explicitFileType = wrapper.application; includeInIndex = 0; path = CairYuk.app; sourceTree = BUILT_PRODUCTS_DIR; };
		733CC6F82F5DA89900679CE9 /* AppDelegate.swift */ = {isa = PBXFileReference; lastKnownFileType = sourcecode.swift; path = AppDelegate.swift; sourceTree = "<group>"; };
		733CC6F92F5DA89900679CE9 /* Assets.xcassets */ = {isa = PBXFileReference; lastKnownFileType = folder.assetcatalog; path = Assets.xcassets; sourceTree = "<group>"; };
		733CC6FA2F5DA89900679CE9 /* Info.plist */ = {isa = PBXFileReference; lastKnownFileType = text.plist.xml; path = Info.plist; sourceTree = "<group>"; };
		733CC6FB2F5DA89900679CE9 /* Base */ = {isa = PBXFileReference; lastKnownFileType = file.storyboard; name = Base; path = Base.lproj/LaunchScreen.storyboard; sourceTree = "<group>"; };
		733CC7092F5DA8C600679CE9 /* CairYuk.entitlements */ = {isa = PBXFileReference; lastKnownFileType = text.plist.entitlements; path = CairYuk.entitlements; sourceTree = "<group>"; };
		733F30782F60F92D00571E33 /* BlueViewCell.swift */ = {isa = PBXFileReference; lastKnownFileType = sourcecode.swift; path = BlueViewCell.swift; sourceTree = "<group>"; };
		733F307A2F610AC800571E33 /* BlueContactViewCell.swift */ = {isa = PBXFileReference; lastKnownFileType = sourcecode.swift; path = BlueContactViewCell.swift; sourceTree = "<group>"; };
		733F307C2F6111BC00571E33 /* ContactManager.swift */ = {isa = PBXFileReference; lastKnownFileType = sourcecode.swift; path = ContactManager.swift; sourceTree = "<group>"; };
		733F307E2F614D5200571E33 /* HomeCardViewCell.swift */ = {isa = PBXFileReference; lastKnownFileType = sourcecode.swift; path = HomeCardViewCell.swift; sourceTree = "<group>"; };
		733F30802F614D5D00571E33 /* HomeBannerViewCell.swift */ = {isa = PBXFileReference; lastKnownFileType = sourcecode.swift; path = HomeBannerViewCell.swift; sourceTree = "<group>"; };
		733F30822F614D6A00571E33 /* HomeProductViewCell.swift */ = {isa = PBXFileReference; lastKnownFileType = sourcecode.swift; path = HomeProductViewCell.swift; sourceTree = "<group>"; };
		735D118D2F5FADC000102F19 /* OrderEmptyView.swift */ = {isa = PBXFileReference; lastKnownFileType = sourcecode.swift; path = OrderEmptyView.swift; sourceTree = "<group>"; };
		735D118F2F5FB0D200102F19 /* OrderViewCell.swift */ = {isa = PBXFileReference; lastKnownFileType = sourcecode.swift; path = OrderViewCell.swift; sourceTree = "<group>"; };
		735D11912F5FBF8B00102F19 /* ProductStepViewCell.swift */ = {isa = PBXFileReference; lastKnownFileType = sourcecode.swift; path = ProductStepViewCell.swift; sourceTree = "<group>"; };
		735D11932F5FC09200102F19 /* ProductCardView.swift */ = {isa = PBXFileReference; lastKnownFileType = sourcecode.swift; path = ProductCardView.swift; sourceTree = "<group>"; };
		735D119A2F5FE1F800102F19 /* AuthCardViewController.swift */ = {isa = PBXFileReference; lastKnownFileType = sourcecode.swift; path = AuthCardViewController.swift; sourceTree = "<group>"; };
		735D119C2F5FE20200102F19 /* AuthFaceViewController.swift */ = {isa = PBXFileReference; lastKnownFileType = sourcecode.swift; path = AuthFaceViewController.swift; sourceTree = "<group>"; };
		735D119E2F5FE21600102F19 /* AuthCompleteViewController.swift */ = {isa = PBXFileReference; lastKnownFileType = sourcecode.swift; path = AuthCompleteViewController.swift; sourceTree = "<group>"; };
		735D11A02F5FEB9100102F19 /* CameraManager.swift */ = {isa = PBXFileReference; lastKnownFileType = sourcecode.swift; path = CameraManager.swift; sourceTree = "<group>"; };
		735D11A22F5FF68300102F19 /* PersonalViewController.swift */ = {isa = PBXFileReference; lastKnownFileType = sourcecode.swift; path = PersonalViewController.swift; sourceTree = "<group>"; };
		735D11A42F5FF6A400102F19 /* WorkViewController.swift */ = {isa = PBXFileReference; lastKnownFileType = sourcecode.swift; path = WorkViewController.swift; sourceTree = "<group>"; };
		735D11A62F5FF6C300102F19 /* ContactViewController.swift */ = {isa = PBXFileReference; lastKnownFileType = sourcecode.swift; path = ContactViewController.swift; sourceTree = "<group>"; };
		735D11A82F5FF6E400102F19 /* BankViewController.swift */ = {isa = PBXFileReference; lastKnownFileType = sourcecode.swift; path = BankViewController.swift; sourceTree = "<group>"; };
		735D11AA2F5FFDAE00102F19 /* CardListView.swift */ = {isa = PBXFileReference; lastKnownFileType = sourcecode.swift; path = CardListView.swift; sourceTree = "<group>"; };
		735D11AC2F60021600102F19 /* PopAuthCardView.swift */ = {isa = PBXFileReference; lastKnownFileType = sourcecode.swift; path = PopAuthCardView.swift; sourceTree = "<group>"; };
		735D11B02F60111E00102F19 /* TimeView.swift */ = {isa = PBXFileReference; lastKnownFileType = sourcecode.swift; path = TimeView.swift; sourceTree = "<group>"; };
		736883B52F5DAB9E0068A8DE /* BaseViewController.swift */ = {isa = PBXFileReference; lastKnownFileType = sourcecode.swift; path = BaseViewController.swift; sourceTree = "<group>"; };
		736883B72F5DABB80068A8DE /* BaseNavigationController.swift */ = {isa = PBXFileReference; lastKnownFileType = sourcecode.swift; path = BaseNavigationController.swift; sourceTree = "<group>"; };
		736883B92F5DABC90068A8DE /* BaseTabBarController.swift */ = {isa = PBXFileReference; lastKnownFileType = sourcecode.swift; path = BaseTabBarController.swift; sourceTree = "<group>"; };
		736883BB2F5DABFE0068A8DE /* LaunchViewController.swift */ = {isa = PBXFileReference; lastKnownFileType = sourcecode.swift; path = LaunchViewController.swift; sourceTree = "<group>"; };
		736883BD2F5DAC490068A8DE /* HomeViewController.swift */ = {isa = PBXFileReference; lastKnownFileType = sourcecode.swift; path = HomeViewController.swift; sourceTree = "<group>"; };
		736883BF2F5DAC500068A8DE /* OrderViewController.swift */ = {isa = PBXFileReference; lastKnownFileType = sourcecode.swift; path = OrderViewController.swift; sourceTree = "<group>"; };
		736883C12F5DAC580068A8DE /* CenterViewController.swift */ = {isa = PBXFileReference; lastKnownFileType = sourcecode.swift; path = CenterViewController.swift; sourceTree = "<group>"; };
		736883C32F5DB5C90068A8DE /* SecureUserManager.swift */ = {isa = PBXFileReference; lastKnownFileType = sourcecode.swift; path = SecureUserManager.swift; sourceTree = "<group>"; };
		736883C52F5DB63F0068A8DE /* LoginViewController.swift */ = {isa = PBXFileReference; lastKnownFileType = sourcecode.swift; path = LoginViewController.swift; sourceTree = "<group>"; };
		736883C72F5DB9080068A8DE /* LoginView.swift */ = {isa = PBXFileReference; lastKnownFileType = sourcecode.swift; path = LoginView.swift; sourceTree = "<group>"; };
		736883C92F5DBAE40068A8DE /* ToastManager.swift */ = {isa = PBXFileReference; lastKnownFileType = sourcecode.swift; path = ToastManager.swift; sourceTree = "<group>"; };
		736883CC2F5DBC540068A8DE /* en */ = {isa = PBXFileReference; lastKnownFileType = text.plist.strings; name = en; path = en.lproj/Localizable.strings; sourceTree = "<group>"; };
		736883CF2F5DBC640068A8DE /* id */ = {isa = PBXFileReference; lastKnownFileType = text.plist.strings; name = id; path = id.lproj/Localizable.strings; sourceTree = "<group>"; };
		736883D02F5DBD9D0068A8DE /* LanguageManager.swift */ = {isa = PBXFileReference; lastKnownFileType = sourcecode.swift; path = LanguageManager.swift; sourceTree = "<group>"; };
		736883D32F5DC6DE0068A8DE /* BaseModel.swift */ = {isa = PBXFileReference; lastKnownFileType = sourcecode.swift; path = BaseModel.swift; sourceTree = "<group>"; };
		736883D52F5DC8170068A8DE /* NetworkManager.swift */ = {isa = PBXFileReference; lastKnownFileType = sourcecode.swift; path = NetworkManager.swift; sourceTree = "<group>"; };
		736883D72F5DC92E0068A8DE /* AppService.swift */ = {isa = PBXFileReference; lastKnownFileType = sourcecode.swift; path = AppService.swift; sourceTree = "<group>"; };
		736883D92F5DC9D40068A8DE /* AppViewModel.swift */ = {isa = PBXFileReference; lastKnownFileType = sourcecode.swift; path = AppViewModel.swift; sourceTree = "<group>"; };
		736883DB2F5DCBD80068A8DE /* LoadingView.swift */ = {isa = PBXFileReference; lastKnownFileType = sourcecode.swift; path = LoadingView.swift; sourceTree = "<group>"; };
		736883DD2F5DCD530068A8DE /* DeviceInfoCollector.swift */ = {isa = PBXFileReference; lastKnownFileType = sourcecode.swift; path = DeviceInfoCollector.swift; sourceTree = "<group>"; };
		736883DF2F5DCE890068A8DE /* IDFVKeychainManager.swift */ = {isa = PBXFileReference; lastKnownFileType = sourcecode.swift; path = IDFVKeychainManager.swift; sourceTree = "<group>"; };
		736E3EF32F5E57C8004BF7F4 /* NetworkMonitor.swift */ = {isa = PBXFileReference; lastKnownFileType = sourcecode.swift; path = NetworkMonitor.swift; sourceTree = "<group>"; };
		736E3EF52F5E91E5004BF7F4 /* CenterView.swift */ = {isa = PBXFileReference; lastKnownFileType = sourcecode.swift; path = CenterView.swift; sourceTree = "<group>"; };
		736E3EF72F5E96A5004BF7F4 /* CenterViewCell.swift */ = {isa = PBXFileReference; lastKnownFileType = sourcecode.swift; path = CenterViewCell.swift; sourceTree = "<group>"; };
		736E3EF92F5E9F40004BF7F4 /* SchemeURLHandler.swift */ = {isa = PBXFileReference; lastKnownFileType = sourcecode.swift; path = SchemeURLHandler.swift; sourceTree = "<group>"; };
		736E3EFB2F5EA0B1004BF7F4 /* SettingsViewController.swift */ = {isa = PBXFileReference; lastKnownFileType = sourcecode.swift; path = SettingsViewController.swift; sourceTree = "<group>"; };
		736E3EFD2F5EA185004BF7F4 /* AppHeadView.swift */ = {isa = PBXFileReference; lastKnownFileType = sourcecode.swift; path = AppHeadView.swift; sourceTree = "<group>"; };
		736E3F002F5EA9BC004BF7F4 /* PopAccountView.swift */ = {isa = PBXFileReference; lastKnownFileType = sourcecode.swift; path = PopAccountView.swift; sourceTree = "<group>"; };
		736E3F022F5EB151004BF7F4 /* PopDeleteAcView.swift */ = {isa = PBXFileReference; lastKnownFileType = sourcecode.swift; path = PopDeleteAcView.swift; sourceTree = "<group>"; };
		736E3F042F5EB36D004BF7F4 /* H5ViewController.swift */ = {isa = PBXFileReference; lastKnownFileType = sourcecode.swift; path = H5ViewController.swift; sourceTree = "<group>"; };
		736E3F062F5EC2A9004BF7F4 /* HomeMinView.swift */ = {isa = PBXFileReference; lastKnownFileType = sourcecode.swift; path = HomeMinView.swift; sourceTree = "<group>"; };
		736E3F082F5EC2BC004BF7F4 /* HomeMaxView.swift */ = {isa = PBXFileReference; lastKnownFileType = sourcecode.swift; path = HomeMaxView.swift; sourceTree = "<group>"; };
		736E3F0A2F5ECBF0004BF7F4 /* HomeCardView.swift */ = {isa = PBXFileReference; lastKnownFileType = sourcecode.swift; path = HomeCardView.swift; sourceTree = "<group>"; };
		73A51A0C2F5F0223000644FB /* ProductViewController.swift */ = {isa = PBXFileReference; lastKnownFileType = sourcecode.swift; path = ProductViewController.swift; sourceTree = "<group>"; };
		73DF1D092F60410D00CB302C /* OneViewCell.swift */ = {isa = PBXFileReference; lastKnownFileType = sourcecode.swift; path = OneViewCell.swift; sourceTree = "<group>"; };
		73DF1D0B2F60411600CB302C /* TwoViewCell.swift */ = {isa = PBXFileReference; lastKnownFileType = sourcecode.swift; path = TwoViewCell.swift; sourceTree = "<group>"; };
		73DF1D0D2F60724600CB302C /* ClickCellAlertView.swift */ = {isa = PBXFileReference; lastKnownFileType = sourcecode.swift; path = ClickCellAlertView.swift; sourceTree = "<group>"; };
		78511A3BCFA2D2A21C624DFD /* Pods-CairYuk.debug.xcconfig */ = {isa = PBXFileReference; includeInIndex = 1; lastKnownFileType = text.xcconfig; name = "Pods-CairYuk.debug.xcconfig"; path = "Target Support Files/Pods-CairYuk/Pods-CairYuk.debug.xcconfig"; sourceTree = "<group>"; };
		C7F63CF6A26C858ADF6F0FAC /* Pods_CairYuk.framework */ = {isa = PBXFileReference; explicitFileType = wrapper.framework; includeInIndex = 0; path = Pods_CairYuk.framework; sourceTree = BUILT_PRODUCTS_DIR; };
/* End PBXFileReference section */

/* Begin PBXFrameworksBuildPhase section */
		733CC6DD2F5DA89000679CE9 /* Frameworks */ = {
			isa = PBXFrameworksBuildPhase;
			buildActionMask = 2147483647;
			files = (
				A9BDC0F3E9FB6DA6214EB3B6 /* Pods_CairYuk.framework in Frameworks */,
			);
			runOnlyForDeploymentPostprocessing = 0;
		};
/* End PBXFrameworksBuildPhase section */

/* Begin PBXGroup section */
		733CC6D72F5DA89000679CE9 = {
			isa = PBXGroup;
			children = (
				733CC7012F5DA89900679CE9 /* CairYuk */,
				733CC6E12F5DA89000679CE9 /* Products */,
				F4DF0D40CF8D2EBF9204B31E /* Pods */,
				E727E2494F8CA85D57F4ACA4 /* Frameworks */,
			);
			sourceTree = "<group>";
		};
		733CC6E12F5DA89000679CE9 /* Products */ = {
			isa = PBXGroup;
			children = (
				733CC6E02F5DA89000679CE9 /* CairYuk.app */,
			);
			name = Products;
			sourceTree = "<group>";
		};
		733CC7012F5DA89900679CE9 /* CairYuk */ = {
			isa = PBXGroup;
			children = (
				733CC6FA2F5DA89900679CE9 /* Info.plist */,
				733CC6F92F5DA89900679CE9 /* Assets.xcassets */,
				733CC7092F5DA8C600679CE9 /* CairYuk.entitlements */,
				736883CB2F5DBC540068A8DE /* Localizable.strings */,
				733CC6F82F5DA89900679CE9 /* AppDelegate.swift */,
				733CC6FC2F5DA89900679CE9 /* LaunchScreen.storyboard */,
				736883D22F5DC6CF0068A8DE /* Http */,
				736883B42F5DAB160068A8DE /* Other */,
				736883B32F5DAB130068A8DE /* Product */,
				736883B22F5DAB110068A8DE /* Center */,
				736883B12F5DAB0F0068A8DE /* Home */,
				736883B02F5DAB0D0068A8DE /* Order */,
				736883AF2F5DAB0B0068A8DE /* Login */,
				736883AE2F5DAB080068A8DE /* Base */,
			);
			path = CairYuk;
			sourceTree = "<group>";
		};
		735D11952F5FE1B800102F19 /* Card */ = {
			isa = PBXGroup;
			children = (
				735D11B02F60111E00102F19 /* TimeView.swift */,
				735D11AA2F5FFDAE00102F19 /* CardListView.swift */,
				735D11A02F5FEB9100102F19 /* CameraManager.swift */,
				735D119A2F5FE1F800102F19 /* AuthCardViewController.swift */,
				735D119C2F5FE20200102F19 /* AuthFaceViewController.swift */,
				735D119E2F5FE21600102F19 /* AuthCompleteViewController.swift */,
				735D11AC2F60021600102F19 /* PopAuthCardView.swift */,
			);
			path = Card;
			sourceTree = "<group>";
		};
		735D11962F5FE1C100102F19 /* Bank */ = {
			isa = PBXGroup;
			children = (
				735D11A82F5FF6E400102F19 /* BankViewController.swift */,
			);
			path = Bank;
			sourceTree = "<group>";
		};
		735D11972F5FE1C500102F19 /* Contact */ = {
			isa = PBXGroup;
			children = (
				733F307C2F6111BC00571E33 /* ContactManager.swift */,
				735D11A62F5FF6C300102F19 /* ContactViewController.swift */,
				733F307A2F610AC800571E33 /* BlueContactViewCell.swift */,
			);
			path = Contact;
			sourceTree = "<group>";
		};
		735D11982F5FE1C800102F19 /* Work */ = {
			isa = PBXGroup;
			children = (
				735D11A42F5FF6A400102F19 /* WorkViewController.swift */,
			);
			path = Work;
			sourceTree = "<group>";
		};
		735D11992F5FE1CB00102F19 /* Personal */ = {
			isa = PBXGroup;
			children = (
				73DF1D0D2F60724600CB302C /* ClickCellAlertView.swift */,
				73DF1D092F60410D00CB302C /* OneViewCell.swift */,
				73DF1D0B2F60411600CB302C /* TwoViewCell.swift */,
				735D11A22F5FF68300102F19 /* PersonalViewController.swift */,
				733F30782F60F92D00571E33 /* BlueViewCell.swift */,
			);
			path = Personal;
			sourceTree = "<group>";
		};
		736883AE2F5DAB080068A8DE /* Base */ = {
			isa = PBXGroup;
			children = (
				736E3F042F5EB36D004BF7F4 /* H5ViewController.swift */,
				736883B52F5DAB9E0068A8DE /* BaseViewController.swift */,
				736883B72F5DABB80068A8DE /* BaseNavigationController.swift */,
				736883B92F5DABC90068A8DE /* BaseTabBarController.swift */,
				736883BB2F5DABFE0068A8DE /* LaunchViewController.swift */,
			);
			path = Base;
			sourceTree = "<group>";
		};
		736883AF2F5DAB0B0068A8DE /* Login */ = {
			isa = PBXGroup;
			children = (
				731CC6882F61A45600D09605 /* AppLocationManager.swift */,
				736883C72F5DB9080068A8DE /* LoginView.swift */,
				736883C32F5DB5C90068A8DE /* SecureUserManager.swift */,
				736883C52F5DB63F0068A8DE /* LoginViewController.swift */,
			);
			path = Login;
			sourceTree = "<group>";
		};
		736883B02F5DAB0D0068A8DE /* Order */ = {
			isa = PBXGroup;
			children = (
				736883BF2F5DAC500068A8DE /* OrderViewController.swift */,
				735D118D2F5FADC000102F19 /* OrderEmptyView.swift */,
				735D118F2F5FB0D200102F19 /* OrderViewCell.swift */,
			);
			path = Order;
			sourceTree = "<group>";
		};
		736883B12F5DAB0F0068A8DE /* Home */ = {
			isa = PBXGroup;
			children = (
				736E3F062F5EC2A9004BF7F4 /* HomeMinView.swift */,
				736E3F082F5EC2BC004BF7F4 /* HomeMaxView.swift */,
				736883BD2F5DAC490068A8DE /* HomeViewController.swift */,
				736E3F0A2F5ECBF0004BF7F4 /* HomeCardView.swift */,
				733F307E2F614D5200571E33 /* HomeCardViewCell.swift */,
				733F30802F614D5D00571E33 /* HomeBannerViewCell.swift */,
				733F30822F614D6A00571E33 /* HomeProductViewCell.swift */,
			);
			path = Home;
			sourceTree = "<group>";
		};
		736883B22F5DAB110068A8DE /* Center */ = {
			isa = PBXGroup;
			children = (
				736E3EF92F5E9F40004BF7F4 /* SchemeURLHandler.swift */,
				736E3EF52F5E91E5004BF7F4 /* CenterView.swift */,
				736883C12F5DAC580068A8DE /* CenterViewController.swift */,
				736E3EF72F5E96A5004BF7F4 /* CenterViewCell.swift */,
				736E3EFB2F5EA0B1004BF7F4 /* SettingsViewController.swift */,
				736E3EFD2F5EA185004BF7F4 /* AppHeadView.swift */,
				736E3EFF2F5EA9A2004BF7F4 /* PopView */,
			);
			path = Center;
			sourceTree = "<group>";
		};
		736883B32F5DAB130068A8DE /* Product */ = {
			isa = PBXGroup;
			children = (
				735D11932F5FC09200102F19 /* ProductCardView.swift */,
				735D11912F5FBF8B00102F19 /* ProductStepViewCell.swift */,
				73A51A0C2F5F0223000644FB /* ProductViewController.swift */,
				735D11952F5FE1B800102F19 /* Card */,
				735D11992F5FE1CB00102F19 /* Personal */,
				735D11982F5FE1C800102F19 /* Work */,
				735D11972F5FE1C500102F19 /* Contact */,
				735D11962F5FE1C100102F19 /* Bank */,
			);
			path = Product;
			sourceTree = "<group>";
		};
		736883B42F5DAB160068A8DE /* Other */ = {
			isa = PBXGroup;
			children = (
				736883C92F5DBAE40068A8DE /* ToastManager.swift */,
				736883D02F5DBD9D0068A8DE /* LanguageManager.swift */,
			);
			path = Other;
			sourceTree = "<group>";
		};
		736883D22F5DC6CF0068A8DE /* Http */ = {
			isa = PBXGroup;
			children = (
				736E3EF32F5E57C8004BF7F4 /* NetworkMonitor.swift */,
				736883DF2F5DCE890068A8DE /* IDFVKeychainManager.swift */,
				736883DD2F5DCD530068A8DE /* DeviceInfoCollector.swift */,
				736883DB2F5DCBD80068A8DE /* LoadingView.swift */,
				736883D32F5DC6DE0068A8DE /* BaseModel.swift */,
				736883D52F5DC8170068A8DE /* NetworkManager.swift */,
				736883D72F5DC92E0068A8DE /* AppService.swift */,
				736883D92F5DC9D40068A8DE /* AppViewModel.swift */,
			);
			path = Http;
			sourceTree = "<group>";
		};
		736E3EFF2F5EA9A2004BF7F4 /* PopView */ = {
			isa = PBXGroup;
			children = (
				736E3F022F5EB151004BF7F4 /* PopDeleteAcView.swift */,
				736E3F002F5EA9BC004BF7F4 /* PopAccountView.swift */,
			);
			path = PopView;
			sourceTree = "<group>";
		};
		E727E2494F8CA85D57F4ACA4 /* Frameworks */ = {
			isa = PBXGroup;
			children = (
				C7F63CF6A26C858ADF6F0FAC /* Pods_CairYuk.framework */,
			);
			name = Frameworks;
			sourceTree = "<group>";
		};
		F4DF0D40CF8D2EBF9204B31E /* Pods */ = {
			isa = PBXGroup;
			children = (
				78511A3BCFA2D2A21C624DFD /* Pods-CairYuk.debug.xcconfig */,
				4CEDC148533101B236C2D964 /* Pods-CairYuk.release.xcconfig */,
			);
			path = Pods;
			sourceTree = "<group>";
		};
/* End PBXGroup section */

/* Begin PBXNativeTarget section */
		733CC6DF2F5DA89000679CE9 /* CairYuk */ = {
			isa = PBXNativeTarget;
			buildConfigurationList = 733CC6F32F5DA89100679CE9 /* Build configuration list for PBXNativeTarget "CairYuk" */;
			buildPhases = (
				AAD1D6512BD25EF3E985B234 /* [CP] Check Pods Manifest.lock */,
				733CC6DC2F5DA89000679CE9 /* Sources */,
				733CC6DD2F5DA89000679CE9 /* Frameworks */,
				733CC6DE2F5DA89000679CE9 /* Resources */,
				9492B0F33B6510EE3D7F4E2B /* [CP] Embed Pods Frameworks */,
			);
			buildRules = (
			);
			dependencies = (
			);
			name = CairYuk;
			productName = CairYuk;
			productReference = 733CC6E02F5DA89000679CE9 /* CairYuk.app */;
			productType = "com.apple.product-type.application";
		};
/* End PBXNativeTarget section */

/* Begin PBXProject section */
		733CC6D82F5DA89000679CE9 /* Project object */ = {
			isa = PBXProject;
			attributes = {
				BuildIndependentTargetsInParallel = 1;
				LastSwiftUpdateCheck = 2630;
				LastUpgradeCheck = 2630;
				TargetAttributes = {
					733CC6DF2F5DA89000679CE9 = {
						CreatedOnToolsVersion = 26.3;
					};
				};
			};
			buildConfigurationList = 733CC6DB2F5DA89000679CE9 /* Build configuration list for PBXProject "CairYuk" */;
			developmentRegion = en;
			hasScannedForEncodings = 0;
			knownRegions = (
				en,
				Base,
				id,
			);
			mainGroup = 733CC6D72F5DA89000679CE9;
			minimizedProjectReferenceProxies = 1;
			preferredProjectObjectVersion = 77;
			productRefGroup = 733CC6E12F5DA89000679CE9 /* Products */;
			projectDirPath = "";
			projectRoot = "";
			targets = (
				733CC6DF2F5DA89000679CE9 /* CairYuk */,
			);
		};
/* End PBXProject section */

/* Begin PBXResourcesBuildPhase section */
		733CC6DE2F5DA89000679CE9 /* Resources */ = {
			isa = PBXResourcesBuildPhase;
			buildActionMask = 2147483647;
			files = (
				733CC7052F5DA89900679CE9 /* Assets.xcassets in Resources */,
				736883CD2F5DBC540068A8DE /* Localizable.strings in Resources */,
				733CC7072F5DA89900679CE9 /* LaunchScreen.storyboard in Resources */,
			);
			runOnlyForDeploymentPostprocessing = 0;
		};
/* End PBXResourcesBuildPhase section */

/* Begin PBXShellScriptBuildPhase section */
		9492B0F33B6510EE3D7F4E2B /* [CP] Embed Pods Frameworks */ = {
			isa = PBXShellScriptBuildPhase;
			buildActionMask = 2147483647;
			files = (
			);
			inputFileListPaths = (
				"${PODS_ROOT}/Target Support Files/Pods-CairYuk/Pods-CairYuk-frameworks-${CONFIGURATION}-input-files.xcfilelist",
			);
			inputPaths = (
			);
			name = "[CP] Embed Pods Frameworks";
			outputFileListPaths = (
				"${PODS_ROOT}/Target Support Files/Pods-CairYuk/Pods-CairYuk-frameworks-${CONFIGURATION}-output-files.xcfilelist",
			);
			outputPaths = (
			);
			runOnlyForDeploymentPostprocessing = 0;
			shellPath = /bin/sh;
			shellScript = "\"${PODS_ROOT}/Target Support Files/Pods-CairYuk/Pods-CairYuk-frameworks.sh\"\n";
			showEnvVarsInLog = 0;
		};
		AAD1D6512BD25EF3E985B234 /* [CP] Check Pods Manifest.lock */ = {
			isa = PBXShellScriptBuildPhase;
			buildActionMask = 2147483647;
			files = (
			);
			inputFileListPaths = (
			);
			inputPaths = (
				"${PODS_PODFILE_DIR_PATH}/Podfile.lock",
				"${PODS_ROOT}/Manifest.lock",
			);
			name = "[CP] Check Pods Manifest.lock";
			outputFileListPaths = (
			);
			outputPaths = (
				"$(DERIVED_FILE_DIR)/Pods-CairYuk-checkManifestLockResult.txt",
			);
			runOnlyForDeploymentPostprocessing = 0;
			shellPath = /bin/sh;
			shellScript = "diff \"${PODS_PODFILE_DIR_PATH}/Podfile.lock\" \"${PODS_ROOT}/Manifest.lock\" > /dev/null\nif [ $? != 0 ] ; then\n    # print error to STDERR\n    echo \"error: The sandbox is not in sync with the Podfile.lock. Run 'pod install' or update your CocoaPods installation.\" >&2\n    exit 1\nfi\n# This output is used by Xcode 'outputs' to avoid re-running this script phase.\necho \"SUCCESS\" > \"${SCRIPT_OUTPUT_FILE_0}\"\n";
			showEnvVarsInLog = 0;
		};
/* End PBXShellScriptBuildPhase section */

/* Begin PBXSourcesBuildPhase section */
		733CC6DC2F5DA89000679CE9 /* Sources */ = {
			isa = PBXSourcesBuildPhase;
			buildActionMask = 2147483647;
			files = (
				735D11AB2F5FFDBA00102F19 /* CardListView.swift in Sources */,
				736883BA2F5DABC90068A8DE /* BaseTabBarController.swift in Sources */,
				735D118E2F5FADC000102F19 /* OrderEmptyView.swift in Sources */,
				736883D12F5DBD9D0068A8DE /* LanguageManager.swift in Sources */,
				736E3F072F5EC2A9004BF7F4 /* HomeMinView.swift in Sources */,
				733F30832F614D6A00571E33 /* HomeProductViewCell.swift in Sources */,
				735D11922F5FBF8B00102F19 /* ProductStepViewCell.swift in Sources */,
				73A51A0D2F5F0223000644FB /* ProductViewController.swift in Sources */,
				736883D42F5DC6E20068A8DE /* BaseModel.swift in Sources */,
				736E3F012F5EA9BC004BF7F4 /* PopAccountView.swift in Sources */,
				736E3EF82F5E96A5004BF7F4 /* CenterViewCell.swift in Sources */,
				736883BC2F5DABFE0068A8DE /* LaunchViewController.swift in Sources */,
				735D119F2F5FE21600102F19 /* AuthCompleteViewController.swift in Sources */,
				736883E02F5DCE890068A8DE /* IDFVKeychainManager.swift in Sources */,
				733CC7022F5DA89900679CE9 /* AppDelegate.swift in Sources */,
				733F307F2F614D5200571E33 /* HomeCardViewCell.swift in Sources */,
				731CC6892F61A45700D09605 /* AppLocationManager.swift in Sources */,
				735D11A12F5FEB9100102F19 /* CameraManager.swift in Sources */,
				733F307B2F610AC800571E33 /* BlueContactViewCell.swift in Sources */,
				733F307D2F6111BC00571E33 /* ContactManager.swift in Sources */,
				736883CA2F5DBAE40068A8DE /* ToastManager.swift in Sources */,
				736E3EFC2F5EA0B1004BF7F4 /* SettingsViewController.swift in Sources */,
				735D119B2F5FE1F800102F19 /* AuthCardViewController.swift in Sources */,
				735D11A72F5FF6C300102F19 /* ContactViewController.swift in Sources */,
				736E3F0B2F5ECBF0004BF7F4 /* HomeCardView.swift in Sources */,
				736883C02F5DAC500068A8DE /* OrderViewController.swift in Sources */,
				736883DE2F5DCD530068A8DE /* DeviceInfoCollector.swift in Sources */,
				735D11AD2F60021600102F19 /* PopAuthCardView.swift in Sources */,
				735D11A52F5FF6A400102F19 /* WorkViewController.swift in Sources */,
				736883DA2F5DC9D80068A8DE /* AppViewModel.swift in Sources */,
				735D11A92F5FF6E400102F19 /* BankViewController.swift in Sources */,
				736883B62F5DAB9E0068A8DE /* BaseViewController.swift in Sources */,
				736883C22F5DAC580068A8DE /* CenterViewController.swift in Sources */,
				736883B82F5DABB80068A8DE /* BaseNavigationController.swift in Sources */,
				736E3EF42F5E57C8004BF7F4 /* NetworkMonitor.swift in Sources */,
				736E3EFA2F5E9F40004BF7F4 /* SchemeURLHandler.swift in Sources */,
				736883C42F5DB5C90068A8DE /* SecureUserManager.swift in Sources */,
				736883C82F5DB9080068A8DE /* LoginView.swift in Sources */,
				735D11942F5FC09200102F19 /* ProductCardView.swift in Sources */,
				736883D62F5DC8170068A8DE /* NetworkManager.swift in Sources */,
				735D11B12F60111E00102F19 /* TimeView.swift in Sources */,
				736E3F032F5EB15A004BF7F4 /* PopDeleteAcView.swift in Sources */,
				73DF1D0C2F60411600CB302C /* TwoViewCell.swift in Sources */,
				736E3EF62F5E91E5004BF7F4 /* CenterView.swift in Sources */,
				73DF1D0A2F60410D00CB302C /* OneViewCell.swift in Sources */,
				736E3F052F5EB36D004BF7F4 /* H5ViewController.swift in Sources */,
				736883D82F5DC93D0068A8DE /* AppService.swift in Sources */,
				733F30812F614D5D00571E33 /* HomeBannerViewCell.swift in Sources */,
				735D11A32F5FF68300102F19 /* PersonalViewController.swift in Sources */,
				73DF1D0E2F60724600CB302C /* ClickCellAlertView.swift in Sources */,
				733F30792F60F92D00571E33 /* BlueViewCell.swift in Sources */,
				736E3EFE2F5EA185004BF7F4 /* AppHeadView.swift in Sources */,
				735D119D2F5FE20200102F19 /* AuthFaceViewController.swift in Sources */,
				736883C62F5DB63F0068A8DE /* LoginViewController.swift in Sources */,
				735D11902F5FB0D200102F19 /* OrderViewCell.swift in Sources */,
				736883BE2F5DAC490068A8DE /* HomeViewController.swift in Sources */,
				736E3F092F5EC2BC004BF7F4 /* HomeMaxView.swift in Sources */,
				736883DC2F5DCBD80068A8DE /* LoadingView.swift in Sources */,
			);
			runOnlyForDeploymentPostprocessing = 0;
		};
/* End PBXSourcesBuildPhase section */

/* Begin PBXVariantGroup section */
		733CC6FC2F5DA89900679CE9 /* LaunchScreen.storyboard */ = {
			isa = PBXVariantGroup;
			children = (
				733CC6FB2F5DA89900679CE9 /* Base */,
			);
			name = LaunchScreen.storyboard;
			sourceTree = "<group>";
		};
		736883CB2F5DBC540068A8DE /* Localizable.strings */ = {
			isa = PBXVariantGroup;
			children = (
				736883CC2F5DBC540068A8DE /* en */,
				736883CF2F5DBC640068A8DE /* id */,
			);
			name = Localizable.strings;
			sourceTree = "<group>";
		};
/* End PBXVariantGroup section */

/* Begin XCBuildConfiguration section */
		733CC6F42F5DA89100679CE9 /* Debug */ = {
			isa = XCBuildConfiguration;
			baseConfigurationReference = 78511A3BCFA2D2A21C624DFD /* Pods-CairYuk.debug.xcconfig */;
			buildSettings = {
				ASSETCATALOG_COMPILER_APPICON_NAME = AppIcon;
				ASSETCATALOG_COMPILER_GLOBAL_ACCENT_COLOR_NAME = AccentColor;
				CODE_SIGN_ENTITLEMENTS = CairYuk/CairYuk.entitlements;
				CODE_SIGN_STYLE = Automatic;
				CURRENT_PROJECT_VERSION = 1;
				DEVELOPMENT_TEAM = 57MBH2272N;
				ENABLE_USER_SCRIPT_SANDBOXING = NO;
				GENERATE_INFOPLIST_FILE = YES;
				INFOPLIST_FILE = CairYuk/Info.plist;
				INFOPLIST_KEY_CFBundleDisplayName = "Cair Yuk";
				INFOPLIST_KEY_UIApplicationSupportsIndirectInputEvents = YES;
				INFOPLIST_KEY_UILaunchStoryboardName = LaunchScreen;
				INFOPLIST_KEY_UISupportedInterfaceOrientations = UIInterfaceOrientationPortrait;
				INFOPLIST_KEY_UISupportedInterfaceOrientations_iPad = "UIInterfaceOrientationLandscapeLeft UIInterfaceOrientationLandscapeRight UIInterfaceOrientationPortrait UIInterfaceOrientationPortraitUpsideDown";
				IPHONEOS_DEPLOYMENT_TARGET = 14.0;
				LD_RUNPATH_SEARCH_PATHS = (
					"$(inherited)",
					"@executable_path/Frameworks",
				);
				MARKETING_VERSION = 1.0.0;
				PRODUCT_BUNDLE_IDENTIFIER = ll.leap.loan;
				PRODUCT_NAME = "$(TARGET_NAME)";
				STRING_CATALOG_GENERATE_SYMBOLS = YES;
				SUPPORTED_PLATFORMS = "iphoneos iphonesimulator";
				SUPPORTS_MACCATALYST = NO;
				SUPPORTS_MAC_DESIGNED_FOR_IPHONE_IPAD = NO;
				SUPPORTS_XR_DESIGNED_FOR_IPHONE_IPAD = NO;
				SWIFT_APPROACHABLE_CONCURRENCY = YES;
				SWIFT_DEFAULT_ACTOR_ISOLATION = MainActor;
				SWIFT_EMIT_LOC_STRINGS = YES;
				SWIFT_UPCOMING_FEATURE_MEMBER_IMPORT_VISIBILITY = YES;
				SWIFT_VERSION = 5.0;
				TARGETED_DEVICE_FAMILY = 1;
			};
			name = Debug;
		};
		733CC6F52F5DA89100679CE9 /* Release */ = {
			isa = XCBuildConfiguration;
			baseConfigurationReference = 4CEDC148533101B236C2D964 /* Pods-CairYuk.release.xcconfig */;
			buildSettings = {
				ASSETCATALOG_COMPILER_APPICON_NAME = AppIcon;
				ASSETCATALOG_COMPILER_GLOBAL_ACCENT_COLOR_NAME = AccentColor;
				CODE_SIGN_ENTITLEMENTS = CairYuk/CairYuk.entitlements;
				CODE_SIGN_STYLE = Automatic;
				CURRENT_PROJECT_VERSION = 1;
				DEVELOPMENT_TEAM = 57MBH2272N;
				ENABLE_USER_SCRIPT_SANDBOXING = NO;
				GENERATE_INFOPLIST_FILE = YES;
				INFOPLIST_FILE = CairYuk/Info.plist;
				INFOPLIST_KEY_CFBundleDisplayName = "Cair Yuk";
				INFOPLIST_KEY_UIApplicationSupportsIndirectInputEvents = YES;
				INFOPLIST_KEY_UILaunchStoryboardName = LaunchScreen;
				INFOPLIST_KEY_UISupportedInterfaceOrientations = UIInterfaceOrientationPortrait;
				INFOPLIST_KEY_UISupportedInterfaceOrientations_iPad = "UIInterfaceOrientationLandscapeLeft UIInterfaceOrientationLandscapeRight UIInterfaceOrientationPortrait UIInterfaceOrientationPortraitUpsideDown";
				IPHONEOS_DEPLOYMENT_TARGET = 14.0;
				LD_RUNPATH_SEARCH_PATHS = (
					"$(inherited)",
					"@executable_path/Frameworks",
				);
				MARKETING_VERSION = 1.0.0;
				PRODUCT_BUNDLE_IDENTIFIER = ll.leap.loan;
				PRODUCT_NAME = "$(TARGET_NAME)";
				STRING_CATALOG_GENERATE_SYMBOLS = YES;
				SUPPORTED_PLATFORMS = "iphoneos iphonesimulator";
				SUPPORTS_MACCATALYST = NO;
				SUPPORTS_MAC_DESIGNED_FOR_IPHONE_IPAD = NO;
				SUPPORTS_XR_DESIGNED_FOR_IPHONE_IPAD = NO;
				SWIFT_APPROACHABLE_CONCURRENCY = YES;
				SWIFT_DEFAULT_ACTOR_ISOLATION = MainActor;
				SWIFT_EMIT_LOC_STRINGS = YES;
				SWIFT_UPCOMING_FEATURE_MEMBER_IMPORT_VISIBILITY = YES;
				SWIFT_VERSION = 5.0;
				TARGETED_DEVICE_FAMILY = 1;
			};
			name = Release;
		};
		733CC6F62F5DA89100679CE9 /* Debug */ = {
			isa = XCBuildConfiguration;
			buildSettings = {
				ALWAYS_SEARCH_USER_PATHS = NO;
				ASSETCATALOG_COMPILER_GENERATE_SWIFT_ASSET_SYMBOL_EXTENSIONS = YES;
				CLANG_ANALYZER_LOCALIZABILITY_NONLOCALIZED = YES;
				CLANG_ANALYZER_NONNULL = YES;
				CLANG_ANALYZER_NUMBER_OBJECT_CONVERSION = YES_AGGRESSIVE;
				CLANG_CXX_LANGUAGE_STANDARD = "gnu++20";
				CLANG_ENABLE_MODULES = YES;
				CLANG_ENABLE_OBJC_ARC = YES;
				CLANG_ENABLE_OBJC_WEAK = YES;
				CLANG_WARN_BLOCK_CAPTURE_AUTORELEASING = YES;
				CLANG_WARN_BOOL_CONVERSION = YES;
				CLANG_WARN_COMMA = YES;
				CLANG_WARN_CONSTANT_CONVERSION = YES;
				CLANG_WARN_DEPRECATED_OBJC_IMPLEMENTATIONS = YES;
				CLANG_WARN_DIRECT_OBJC_ISA_USAGE = YES_ERROR;
				CLANG_WARN_DOCUMENTATION_COMMENTS = YES;
				CLANG_WARN_EMPTY_BODY = YES;
				CLANG_WARN_ENUM_CONVERSION = YES;
				CLANG_WARN_INFINITE_RECURSION = YES;
				CLANG_WARN_INT_CONVERSION = YES;
				CLANG_WARN_NON_LITERAL_NULL_CONVERSION = YES;
				CLANG_WARN_OBJC_IMPLICIT_RETAIN_SELF = YES;
				CLANG_WARN_OBJC_LITERAL_CONVERSION = YES;
				CLANG_WARN_OBJC_ROOT_CLASS = YES_ERROR;
				CLANG_WARN_QUOTED_INCLUDE_IN_FRAMEWORK_HEADER = YES;
				CLANG_WARN_RANGE_LOOP_ANALYSIS = YES;
				CLANG_WARN_STRICT_PROTOTYPES = YES;
				CLANG_WARN_SUSPICIOUS_MOVE = YES;
				CLANG_WARN_UNGUARDED_AVAILABILITY = YES_AGGRESSIVE;
				CLANG_WARN_UNREACHABLE_CODE = YES;
				CLANG_WARN__DUPLICATE_METHOD_MATCH = YES;
				COPY_PHASE_STRIP = NO;
				DEBUG_INFORMATION_FORMAT = dwarf;
				ENABLE_STRICT_OBJC_MSGSEND = YES;
				ENABLE_TESTABILITY = YES;
				ENABLE_USER_SCRIPT_SANDBOXING = YES;
				GCC_C_LANGUAGE_STANDARD = gnu17;
				GCC_DYNAMIC_NO_PIC = NO;
				GCC_NO_COMMON_BLOCKS = YES;
				GCC_OPTIMIZATION_LEVEL = 0;
				GCC_PREPROCESSOR_DEFINITIONS = (
					"DEBUG=1",
					"$(inherited)",
				);
				GCC_WARN_64_TO_32_BIT_CONVERSION = YES;
				GCC_WARN_ABOUT_RETURN_TYPE = YES_ERROR;
				GCC_WARN_UNDECLARED_SELECTOR = YES;
				GCC_WARN_UNINITIALIZED_AUTOS = YES_AGGRESSIVE;
				GCC_WARN_UNUSED_FUNCTION = YES;
				GCC_WARN_UNUSED_VARIABLE = YES;
				IPHONEOS_DEPLOYMENT_TARGET = 26.2;
				LOCALIZATION_PREFERS_STRING_CATALOGS = YES;
				MTL_ENABLE_DEBUG_INFO = INCLUDE_SOURCE;
				MTL_FAST_MATH = YES;
				ONLY_ACTIVE_ARCH = YES;
				SDKROOT = iphoneos;
				SWIFT_ACTIVE_COMPILATION_CONDITIONS = "DEBUG $(inherited)";
				SWIFT_OPTIMIZATION_LEVEL = "-Onone";
			};
			name = Debug;
		};
		733CC6F72F5DA89100679CE9 /* Release */ = {
			isa = XCBuildConfiguration;
			buildSettings = {
				ALWAYS_SEARCH_USER_PATHS = NO;
				ASSETCATALOG_COMPILER_GENERATE_SWIFT_ASSET_SYMBOL_EXTENSIONS = YES;
				CLANG_ANALYZER_LOCALIZABILITY_NONLOCALIZED = YES;
				CLANG_ANALYZER_NONNULL = YES;
				CLANG_ANALYZER_NUMBER_OBJECT_CONVERSION = YES_AGGRESSIVE;
				CLANG_CXX_LANGUAGE_STANDARD = "gnu++20";
				CLANG_ENABLE_MODULES = YES;
				CLANG_ENABLE_OBJC_ARC = YES;
				CLANG_ENABLE_OBJC_WEAK = YES;
				CLANG_WARN_BLOCK_CAPTURE_AUTORELEASING = YES;
				CLANG_WARN_BOOL_CONVERSION = YES;
				CLANG_WARN_COMMA = YES;
				CLANG_WARN_CONSTANT_CONVERSION = YES;
				CLANG_WARN_DEPRECATED_OBJC_IMPLEMENTATIONS = YES;
				CLANG_WARN_DIRECT_OBJC_ISA_USAGE = YES_ERROR;
				CLANG_WARN_DOCUMENTATION_COMMENTS = YES;
				CLANG_WARN_EMPTY_BODY = YES;
				CLANG_WARN_ENUM_CONVERSION = YES;
				CLANG_WARN_INFINITE_RECURSION = YES;
				CLANG_WARN_INT_CONVERSION = YES;
				CLANG_WARN_NON_LITERAL_NULL_CONVERSION = YES;
				CLANG_WARN_OBJC_IMPLICIT_RETAIN_SELF = YES;
				CLANG_WARN_OBJC_LITERAL_CONVERSION = YES;
				CLANG_WARN_OBJC_ROOT_CLASS = YES_ERROR;
				CLANG_WARN_QUOTED_INCLUDE_IN_FRAMEWORK_HEADER = YES;
				CLANG_WARN_RANGE_LOOP_ANALYSIS = YES;
				CLANG_WARN_STRICT_PROTOTYPES = YES;
				CLANG_WARN_SUSPICIOUS_MOVE = YES;
				CLANG_WARN_UNGUARDED_AVAILABILITY = YES_AGGRESSIVE;
				CLANG_WARN_UNREACHABLE_CODE = YES;
				CLANG_WARN__DUPLICATE_METHOD_MATCH = YES;
				COPY_PHASE_STRIP = NO;
				DEBUG_INFORMATION_FORMAT = "dwarf-with-dsym";
				ENABLE_NS_ASSERTIONS = NO;
				ENABLE_STRICT_OBJC_MSGSEND = YES;
				ENABLE_USER_SCRIPT_SANDBOXING = YES;
				GCC_C_LANGUAGE_STANDARD = gnu17;
				GCC_NO_COMMON_BLOCKS = YES;
				GCC_WARN_64_TO_32_BIT_CONVERSION = YES;
				GCC_WARN_ABOUT_RETURN_TYPE = YES_ERROR;
				GCC_WARN_UNDECLARED_SELECTOR = YES;
				GCC_WARN_UNINITIALIZED_AUTOS = YES_AGGRESSIVE;
				GCC_WARN_UNUSED_FUNCTION = YES;
				GCC_WARN_UNUSED_VARIABLE = YES;
				IPHONEOS_DEPLOYMENT_TARGET = 26.2;
				LOCALIZATION_PREFERS_STRING_CATALOGS = YES;
				MTL_ENABLE_DEBUG_INFO = NO;
				MTL_FAST_MATH = YES;
				SDKROOT = iphoneos;
				SWIFT_COMPILATION_MODE = wholemodule;
				VALIDATE_PRODUCT = YES;
			};
			name = Release;
		};
/* End XCBuildConfiguration section */

/* Begin XCConfigurationList section */
		733CC6DB2F5DA89000679CE9 /* Build configuration list for PBXProject "CairYuk" */ = {
			isa = XCConfigurationList;
			buildConfigurations = (
				733CC6F62F5DA89100679CE9 /* Debug */,
				733CC6F72F5DA89100679CE9 /* Release */,
			);
			defaultConfigurationIsVisible = 0;
			defaultConfigurationName = Release;
		};
		733CC6F32F5DA89100679CE9 /* Build configuration list for PBXNativeTarget "CairYuk" */ = {
			isa = XCConfigurationList;
			buildConfigurations = (
				733CC6F42F5DA89100679CE9 /* Debug */,
				733CC6F52F5DA89100679CE9 /* Release */,
			);
			defaultConfigurationIsVisible = 0;
			defaultConfigurationName = Release;
		};
/* End XCConfigurationList section */
	};
	rootObject = 733CC6D82F5DA89000679CE9 /* Project object */;
}
